
Microsoft Visual Studio Solution File, Format Version 12.00
Project("{FAE04EC0-301F-11D3-BF4B-00C04F79EFBC}") = "bank system", "bank system\bank system.csproj", "{7D7B7929-2935-427B-8EF0-B42FD698E503}"
EndProject
Global
	GlobalSection(SolutionConfigurationPlatforms) = preSolution
		Debug|Any CPU = Debug|Any CPU
		Release|Any CPU = Release|Any CPU
	EndGlobalSection
	GlobalSection(ProjectConfigurationPlatforms) = postSolution
		{7D7B7929-2935-427B-8EF0-B42FD698E503}.Debug|Any CPU.ActiveCfg = Debug|Any CPU
		{7D7B7929-2935-427B-8EF0-B42FD698E503}.Debug|Any CPU.Build.0 = Debug|Any CPU
		{7D7B7929-2935-427B-8EF0-B42FD698E503}.Release|Any CPU.ActiveCfg = Release|Any CPU
		{7D7B7929-2935-427B-8EF0-B42FD698E503}.Release|Any CPU.Build.0 = Release|Any CPU
	EndGlobalSection
EndGlobal
